
Microsoft Visual Studio Solution File, Format Version 12.00
# Visual Studio Version 17
VisualStudioVersion = 17.9.34622.214
MinimumVisualStudioVersion = 10.0.40219.1
Project("{FAE04EC0-301F-11D3-BF4B-00C04F79EFBC}") = "StoreWebApi", "StoreWebApi\StoreWebApi.csproj", "{3B51128E-6E62-458A-B37A-DD06D6DC724D}"
EndProject
Project("{FAE04EC0-301F-11D3-BF4B-00C04F79EFBC}") = "StoreWebApi.Tests", "StoreWebApi.Tests\StoreWebApi.Tests.csproj", "{0AAD5D64-814A-4F5C-A698-B904AD3EE9A4}"
EndProject
Global
	GlobalSection(SolutionConfigurationPlatforms) = preSolution
		Debug|Any CPU = Debug|Any CPU
		Release|Any CPU = Release|Any CPU
	EndGlobalSection
	GlobalSection(ProjectConfigurationPlatforms) = postSolution
		{3B51128E-6E62-458A-B37A-DD06D6DC724D}.Debug|Any CPU.ActiveCfg = Debug|Any CPU
		{3B51128E-6E62-458A-B37A-DD06D6DC724D}.Debug|Any CPU.Build.0 = Debug|Any CPU
		{3B51128E-6E62-458A-B37A-DD06D6DC724D}.Release|Any CPU.ActiveCfg = Release|Any CPU
		{3B51128E-6E62-458A-B37A-DD06D6DC724D}.Release|Any CPU.Build.0 = Release|Any CPU
		{0AAD5D64-814A-4F5C-A698-B904AD3EE9A4}.Debug|Any CPU.ActiveCfg = Debug|Any CPU
		{0AAD5D64-814A-4F5C-A698-B904AD3EE9A4}.Debug|Any CPU.Build.0 = Debug|Any CPU
		{0AAD5D64-814A-4F5C-A698-B904AD3EE9A4}.Release|Any CPU.ActiveCfg = Release|Any CPU
		{0AAD5D64-814A-4F5C-A698-B904AD3EE9A4}.Release|Any CPU.Build.0 = Release|Any CPU
	EndGlobalSection
	GlobalSection(SolutionProperties) = preSolution
		HideSolutionNode = FALSE
	EndGlobalSection
	GlobalSection(ExtensibilityGlobals) = postSolution
		SolutionGuid = {F278F195-5A5D-490B-AB96-BA1614BA87B8}
	EndGlobalSection
EndGlobal
